{
  "nodes": {
    "nixpkgs": {
      "locked": {
        "lastModified": 1690630721,
        "narHash": "sha256-Y04onHyBQT4Erfr2fc82dbJTfXGYrf4V0ysLUYnPOP8=",
        "owner": "NixOS",
        "repo": "nixpkgs",
        "rev": "d2b52322f35597c62abf56de91b0236746b2a03d",
        "type": "github"
      },
      "original": {
        "id": "nixpkgs",
        "type": "indirect"
      }
    },
    "root": {
      "inputs": {
        "nixpkgs": "nixpkgs"
      }
    }
  },
  "root": "root",
  "version": 7
}
