{
  "nodes": {
    "nixpkgs": {
      "locked": {
        "lastModified": 1727955264,
        "narHash": "sha256-lrd+7mmb5NauRoMa8+J1jFKYVa+rc8aq2qc9+CxPDKc=",
        "owner": "NixOS",
        "repo": "nixpkgs",
        "rev": "71cd616696bd199ef18de62524f3df3ffe8b9333",
        "type": "github"
      },
      "original": {
        "id": "nixpkgs",
        "type": "indirect"
      }
    },
    "root": {
      "inputs": {
        "nixpkgs": "nixpkgs"
      }
    }
  },
  "root": "root",
  "version": 7
}
