lockfileVersion: '9.0'

settings:
  autoInstallPeers: true
  excludeLinksFromLockfile: false

importers:

  .:
    devDependencies:
      openapi-typescript:
        specifier: 7.10.1
        version: 7.10.1(typescript@5.9.3)
      prettier:
        specifier: 3.8.3
        version: 3.8.3
      typescript:
        specifier: 5.9.3
        version: 5.9.3

packages:

  '@babel/code-frame@7.29.7':
    resolution: {integrity: sha512-Aup7aUOfpbAUg2ROOJN6Iw5f9DMBlzu0mIkm/malLQFN/YQgO48wCj0Kxa3sEHJvPVFg7siR+qRInwXd2qhQKw==}
    engines: {node: '>=6.9.0'}

  '@babel/helper-validator-identifier@7.29.7':
    resolution: {integrity: sha512-qehxGkRj55h/ff8EMaJ+cYhyaKlHIxqYDn682wQD7RNp9UujOQsHog2uS0r2vzr4pW+sXf90NeeayjcNaX3fFg==}
    engines: {node: '>=6.9.0'}

  '@redocly/ajv@8.17.1':
    resolution: {integrity: sha512-EDtsGZS964mf9zAUXAl9Ew16eYbeyAFWhsPr0fX6oaJxgd8rApYlPBf0joyhnUHz88WxrigyFtTaqqzXNzPgqw==}

  '@redocly/config@0.22.2':
    resolution: {integrity: sha512-roRDai8/zr2S9YfmzUfNhKjOF0NdcOIqF7bhf4MVC5UxpjIysDjyudvlAiVbpPHp3eDRWbdzUgtkK1a7YiDNyQ==}

  '@redocly/openapi-core@1.34.6':
    resolution: {integrity: sha512-2+O+riuIUgVSuLl3Lyh5AplWZyVMNuG2F98/o6NrutKJfW4/GTZdPpZlIphS0HGgcOHgmWcCSHj+dWFlZaGSHw==}
    engines: {node: '>=18.17.0', npm: '>=9.5.0'}

  agent-base@7.1.4:
    resolution: {integrity: sha512-MnA+YT8fwfJPgBx3m60MNqakm30XOkyIoH1y6huTQvC0PwZG7ki8NacLBcrPbNoo8vEZy7Jpuk7+jMO+CUovTQ==}
    engines: {node: '>= 14'}

  ansi-colors@4.1.3:
    resolution: {integrity: sha512-/6w/C21Pm1A7aZitlI5Ni/2J6FFQN8i1Cvz3kHABAAbw93v/NlvKdVOqz7CCWz/3iv/JplRSEEZ83XION15ovw==}
    engines: {node: '>=6'}

  argparse@2.0.1:
    resolution: {integrity: sha512-8+9WqebbFzpX9OR+Wa6O29asIogeRMzcGtAINdpMHHyAg10f05aSFVBbcEqGf/PXw1EjAZ+q2/bEBg3DvurK3Q==}

  balanced-match@1.0.2:
    resolution: {integrity: sha512-3oSeUO0TMV67hN1AmbXsK4yaqU7tjiHlbxRDZOpH0KW9+CeX4bRAaX0Anxt0tx2MrpRpWwQaPwIlISEJhYU5Pw==}

  brace-expansion@2.1.7:
    resolution: {integrity: sha512-uZbew1NqdmPDTMJ8ah1y+b+9QEJrfkXFk3RcTQw3X0jW/xRUvFKsg1CfQdSYGdTbXZWExtU3J3ccxtnfw1Fi0g==}

  change-case@5.4.4:
    resolution: {integrity: sha512-HRQyTk2/YPEkt9TnUPbOpr64Uw3KOicFWPVBb+xiHvd6eBx/qPr9xqfBFDT8P2vWsvvz4jbEkfDe71W3VyNu2w==}

  colorette@1.4.0:
    resolution: {integrity: sha512-Y2oEozpomLn7Q3HFP7dpww7AtMJplbM9lGZP6RDfHqmbeRjiwRg4n6VM6j4KLmRke85uWEI7JqF17f3pqdRA0g==}

  debug@4.4.3:
    resolution: {integrity: sha512-RGwwWnwQvkVfavKVt22FGLw+xYSdzARwm0ru6DhTVA3umU5hZc28V3kO4stgYryrTlLpuvgI9GiijltAjNbcqA==}
    engines: {node: '>=6.0'}
    peerDependencies:
      supports-color: '*'
    peerDependenciesMeta:
      supports-color:
        optional: true

  fast-deep-equal@3.1.3:
    resolution: {integrity: sha512-f3qQ9oQy9j2AhBe/H9VC91wLmKBCCU/gDOnKNAYG5hswO7BLKj09Hc5HYNz9cGI++xlpDCIgDaitVs03ATR84Q==}

  fast-uri@3.1.8:
    resolution: {integrity: sha512-GZMtZUTNRpOVIECoXwLNZS5xUGE+mVNbTB8h/7Rwh2TFWcBQiPzTgyZi05BF9UMZKkLJv8XBRJTlU7zg8+ZfMg==}

  https-proxy-agent@7.0.6:
    resolution: {integrity: sha512-vK9P5/iUfdl95AI+JVyUuIcVtd4ofvtrOr3HNtM2yxC9bnMbEdp3x01OhQNnjb8IJYi38VlTE3mBXwcfvywuSw==}
    engines: {node: '>= 14'}

  index-to-position@1.2.0:
    resolution: {integrity: sha512-Yg7+ztRkqslMAS2iFaU+Oa4KTSidr63OsFGlOrJoW981kIYO3CGCS3wA95P1mUi/IVSJkn0D479KTJpVpvFNuw==}
    engines: {node: '>=18'}

  js-levenshtein@1.1.6:
    resolution: {integrity: sha512-X2BB11YZtrRqY4EnQcLX5Rh373zbK4alC1FW7D7MBhL2gtcC17cTnr6DmfHZeS0s2rTHjUTMMHfG7gO8SSdw+g==}
    engines: {node: '>=0.10.0'}

  js-tokens@4.0.0:
    resolution: {integrity: sha512-RdJUflcE3cUzKiMqQgsCu06FPu9UdIJO0beYbPhHN4k6apgJtifcoCtT9bcxOpYBtpD2kCM6Sbzg4CausW/PKQ==}

  js-yaml@4.3.2:
    resolution: {integrity: sha512-SFNOvSJ+Dgf/9An904Yx+CgSlIPCkIpao4qo51lpee25TIRejdH3rhR4EZMGoNx3/TP3O+wzWuiTFl4sqbltzA==}
    hasBin: true

  json-schema-traverse@1.0.0:
    resolution: {integrity: sha512-NM8/P9n3XjXhIZn1lLhkFaACTOURQXjWhV4BA/RnOv8xvgqtqpAX9IO4mRQxSx1Rlo4tqzeqb0sOlruaOy3dug==}

  minimatch@5.1.9:
    resolution: {integrity: sha512-7o1wEA2RyMP7Iu7GNba9vc0RWWGACJOCZBJX2GJWip0ikV+wcOsgVuY9uE8CPiyQhkGFSlhuSkZPavN7u1c2Fw==}
    engines: {node: '>=10'}

  ms@2.1.3:
    resolution: {integrity: sha512-6FlzubTLZG3J2a/NVCAleEhjzq5oxgHyaCU9yYXvcLsvoVaHJq/s5xXI6/XXP6tz7R9xAOtHnSO/tXtF3WRTlA==}

  openapi-typescript@7.10.1:
    resolution: {integrity: sha512-rBcU8bjKGGZQT4K2ekSTY2Q5veOQbVG/lTKZ49DeCyT9z62hM2Vj/LLHjDHC9W7LJG8YMHcdXpRZDqC1ojB/lw==}
    hasBin: true
    peerDependencies:
      typescript: ^5.x

  parse-json@8.3.0:
    resolution: {integrity: sha512-ybiGyvspI+fAoRQbIPRddCcSTV9/LsJbf0e/S85VLowVGzRmokfneg2kwVW/KU5rOXrPSbF1qAKPMgNTqqROQQ==}
    engines: {node: '>=18'}

  picocolors@1.1.1:
    resolution: {integrity: sha512-xceH2snhtb5M9liqDsmEw56le376mTZkEX/jEb/RxNFyegNul7eNslCXP9FDj/Lcu0X8KEyMceP2ntpaHrDEVA==}

  pluralize@8.0.0:
    resolution: {integrity: sha512-Nc3IT5yHzflTfbjgqWcCPpo7DaKy4FnpB0l/zCAW0Tc7jxAiuqSxHasntB3D7887LSrA93kDJ9IXovxJYxyLCA==}
    engines: {node: '>=4'}

  prettier@3.8.3:
    resolution: {integrity: sha512-7igPTM53cGHMW8xWuVTydi2KO233VFiTNyF5hLJqpilHfmn8C8gPf+PS7dUT64YcXFbiMGZxS9pCSxL/Dxm/Jw==}
    engines: {node: '>=14'}
    hasBin: true

  require-from-string@2.0.2:
    resolution: {integrity: sha512-Xf0nWe6RseziFMu+Ap9biiUbmplq6S9/p+7w7YXP/JBHhrUDDUhwa+vANyubuqfZWTveU//DYVGsDG7RKL/vEw==}
    engines: {node: '>=0.10.0'}

  supports-color@10.2.2:
    resolution: {integrity: sha512-SS+jx45GF1QjgEXQx4NJZV9ImqmO2NPz5FNsIHrsDjh2YsHnawpan7SNQ1o8NuhrbHZy9AZhIoCUiCeaW/C80g==}
    engines: {node: '>=18'}

  type-fest@4.41.0:
    resolution: {integrity: sha512-TeTSQ6H5YHvpqVwBRcnLDCBnDOHWYu7IvGbHT6N8AOymcr9PJGjc1GTtiWZTYg0NCgYwvnYWEkVChQAr9bjfwA==}
    engines: {node: '>=16'}

  typescript@5.9.3:
    resolution: {integrity: sha512-jl1vZzPDinLr9eUt3J/t7V6FgNEw9QjvBPdysz9KfQDD41fQrC2Y4vKQdiaUpFT4bXlb1RHhLpp8wtm6M5TgSw==}
    engines: {node: '>=14.17'}
    hasBin: true

  yaml-ast-parser@0.0.43:
    resolution: {integrity: sha512-2PTINUwsRqSd+s8XxKaJWQlUuEMHJQyEuh2edBbW8KNJz0SJPwUSD2zRWqezFEdN7IzAgeuYHFUCF7o8zRdZ0A==}

  yargs-parser@21.1.1:
    resolution: {integrity: sha512-tVpsJW7DdjecAiFpbIB1e3qxIQsE6NoPc5/eTdrbbIC4h0LVsWhnoa3g+m2HclBIujHzsxZ4VJVA+GUuc2/LBw==}
    engines: {node: '>=12'}

snapshots:

  '@babel/code-frame@7.29.7':
    dependencies:
      '@babel/helper-validator-identifier': 7.29.7
      js-tokens: 4.0.0
      picocolors: 1.1.1

  '@babel/helper-validator-identifier@7.29.7': {}

  '@redocly/ajv@8.17.1':
    dependencies:
      fast-deep-equal: 3.1.3
      fast-uri: 3.1.8
      json-schema-traverse: 1.0.0
      require-from-string: 2.0.2

  '@redocly/config@0.22.2': {}

  '@redocly/openapi-core@1.34.6(supports-color@10.2.2)':
    dependencies:
      '@redocly/ajv': 8.17.1
      '@redocly/config': 0.22.2
      colorette: 1.4.0
      https-proxy-agent: 7.0.6(supports-color@10.2.2)
      js-levenshtein: 1.1.6
      js-yaml: 4.3.2
      minimatch: 5.1.9
      pluralize: 8.0.0
      yaml-ast-parser: 0.0.43
    transitivePeerDependencies:
      - supports-color

  agent-base@7.1.4: {}

  ansi-colors@4.1.3: {}

  argparse@2.0.1: {}

  balanced-match@1.0.2: {}

  brace-expansion@2.1.7:
    dependencies:
      balanced-match: 1.0.2

  change-case@5.4.4: {}

  colorette@1.4.0: {}

  debug@4.4.3(supports-color@10.2.2):
    dependencies:
      ms: 2.1.3
    optionalDependencies:
      supports-color: 10.2.2

  fast-deep-equal@3.1.3: {}

  fast-uri@3.1.8: {}

  https-proxy-agent@7.0.6(supports-color@10.2.2):
    dependencies:
      agent-base: 7.1.4
      debug: 4.4.3(supports-color@10.2.2)
    transitivePeerDependencies:
      - supports-color

  index-to-position@1.2.0: {}

  js-levenshtein@1.1.6: {}

  js-tokens@4.0.0: {}

  js-yaml@4.3.2:
    dependencies:
      argparse: 2.0.1

  json-schema-traverse@1.0.0: {}

  minimatch@5.1.9:
    dependencies:
      brace-expansion: 2.1.7

  ms@2.1.3: {}

  openapi-typescript@7.10.1(typescript@5.9.3):
    dependencies:
      '@redocly/openapi-core': 1.34.6(supports-color@10.2.2)
      ansi-colors: 4.1.3
      change-case: 5.4.4
      parse-json: 8.3.0
      supports-color: 10.2.2
      typescript: 5.9.3
      yargs-parser: 21.1.1

  parse-json@8.3.0:
    dependencies:
      '@babel/code-frame': 7.29.7
      index-to-position: 1.2.0
      type-fest: 4.41.0

  picocolors@1.1.1: {}

  pluralize@8.0.0: {}

  prettier@3.8.3: {}

  require-from-string@2.0.2: {}

  supports-color@10.2.2: {}

  type-fest@4.41.0: {}

  typescript@5.9.3: {}

  yaml-ast-parser@0.0.43: {}

  yargs-parser@21.1.1: {}
